
Microsoft Visual Studio Solution File, Format Version 12.00
# Visual Studio Version 17
VisualStudioVersion = 17.7.34018.315
MinimumVisualStudioVersion = 10.0.40219.1
Project("{FAE04EC0-301F-11D3-BF4B-00C04F79EFBC}") = "HappyCamper", "HappyCamper.csproj", "{55B648B4-26E7-4D82-A894-1DAAB90B948A}"
EndProject
Global
	GlobalSection(SolutionConfigurationPlatforms) = preSolution
		Debug|Any CPU = Debug|Any CPU
		Release|Any CPU = Release|Any CPU
	EndGlobalSection
	GlobalSection(ProjectConfigurationPlatforms) = postSolution
		{55B648B4-26E7-4D82-A894-1DAAB90B948A}.Debug|Any CPU.ActiveCfg = Debug|Any CPU
		{55B648B4-26E7-4D82-A894-1DAAB90B948A}.Debug|Any CPU.Build.0 = Debug|Any CPU
		{55B648B4-26E7-4D82-A894-1DAAB90B948A}.Release|Any CPU.ActiveCfg = Release|Any CPU
		{55B648B4-26E7-4D82-A894-1DAAB90B948A}.Release|Any CPU.Build.0 = Release|Any CPU
	EndGlobalSection
	GlobalSection(SolutionProperties) = preSolution
		HideSolutionNode = FALSE
	EndGlobalSection
	GlobalSection(ExtensibilityGlobals) = postSolution
		SolutionGuid = {4FACFCF1-3722-4B98-ADF1-02E790B893DE}
	EndGlobalSection
EndGlobal
